
Microsoft Visual Studio Solution File, Format Version 12.00
# Visual Studio 15
VisualStudioVersion = 15.0.28307.421
MinimumVisualStudioVersion = 10.0.40219.1
Project("{FAE04EC0-301F-11D3-BF4B-00C04F79EFBC}") = "TourGuideApp.Android", "TourGuideApp\TourGuideApp.Android\TourGuideApp.Android.csproj", "{0E17FE04-731A-4456-A0A1-EFE40BEC0587}"
EndProject
Project("{FAE04EC0-301F-11D3-BF4B-00C04F79EFBC}") = "TourGuideApp.iOS", "TourGuideApp\TourGuideApp.iOS\TourGuideApp.iOS.csproj", "{F9F52C91-AED8-40BE-B15D-A2052C4ABBDB}"
EndProject
Project("{FAE04EC0-301F-11D3-BF4B-00C04F79EFBC}") = "TourGuideApp", "TourGuideApp\TourGuideApp\TourGuideApp.csproj", "{B5F4F8A6-1D8B-41B2-A9B0-31623F961460}"
EndProject
Global
	GlobalSection(SolutionConfigurationPlatforms) = preSolution
		Ad-Hoc|Any CPU = Ad-Hoc|Any CPU
		Ad-Hoc|iPhone = Ad-Hoc|iPhone
		Ad-Hoc|iPhoneSimulator = Ad-Hoc|iPhoneSimulator
		AppStore|Any CPU = AppStore|Any CPU
		AppStore|iPhone = AppStore|iPhone
		AppStore|iPhoneSimulator = AppStore|iPhoneSimulator
		Debug|Any CPU = Debug|Any CPU
		Debug|iPhone = Debug|iPhone
		Debug|iPhoneSimulator = Debug|iPhoneSimulator
		Release|Any CPU = Release|Any CPU
		Release|iPhone = Release|iPhone
		Release|iPhoneSimulator = Release|iPhoneSimulator
	EndGlobalSection
	GlobalSection(ProjectConfigurationPlatforms) = postSolution
		{0E17FE04-731A-4456-A0A1-EFE40BEC0587}.Ad-Hoc|Any CPU.ActiveCfg = Release|Any CPU
		{0E17FE04-731A-4456-A0A1-EFE40BEC0587}.Ad-Hoc|Any CPU.Build.0 = Release|Any CPU
		{0E17FE04-731A-4456-A0A1-EFE40BEC0587}.Ad-Hoc|Any CPU.Deploy.0 = Release|Any CPU
		{0E17FE04-731A-4456-A0A1-EFE40BEC0587}.Ad-Hoc|iPhone.ActiveCfg = Release|Any CPU
		{0E17FE04-731A-4456-A0A1-EFE40BEC0587}.Ad-Hoc|iPhone.Build.0 = Release|Any CPU
		{0E17FE04-731A-4456-A0A1-EFE40BEC0587}.Ad-Hoc|iPhone.Deploy.0 = Release|Any CPU
		{0E17FE04-731A-4456-A0A1-EFE40BEC0587}.Ad-Hoc|iPhoneSimulator.ActiveCfg = Release|Any CPU
		{0E17FE04-731A-4456-A0A1-EFE40BEC0587}.Ad-Hoc|iPhoneSimulator.Build.0 = Release|Any CPU
		{0E17FE04-731A-4456-A0A1-EFE40BEC0587}.Ad-Hoc|iPhoneSimulator.Deploy.0 = Release|Any CPU
		{0E17FE04-731A-4456-A0A1-EFE40BEC0587}.AppStore|Any CPU.ActiveCfg = Release|Any CPU
		{0E17FE04-731A-4456-A0A1-EFE40BEC0587}.AppStore|Any CPU.Build.0 = Release|Any CPU
		{0E17FE04-731A-4456-A0A1-EFE40BEC0587}.AppStore|Any CPU.Deploy.0 = Release|Any CPU
		{0E17FE04-731A-4456-A0A1-EFE40BEC0587}.AppStore|iPhone.ActiveCfg = Release|Any CPU
		{0E17FE04-731A-4456-A0A1-EFE40BEC0587}.AppStore|iPhone.Build.0 = Release|Any CPU
		{0E17FE04-731A-4456-A0A1-EFE40BEC0587}.AppStore|iPhone.Deploy.0 = Release|Any CPU
		{0E17FE04-731A-4456-A0A1-EFE40BEC0587}.AppStore|iPhoneSimulator.ActiveCfg = Release|Any CPU
		{0E17FE04-731A-4456-A0A1-EFE40BEC0587}.AppStore|iPhoneSimulator.Build.0 = Release|Any CPU
		{0E17FE04-731A-4456-A0A1-EFE40BEC0587}.AppStore|iPhoneSimulator.Deploy.0 = Release|Any CPU
		{0E17FE04-731A-4456-A0A1-EFE40BEC0587}.Debug|Any CPU.ActiveCfg = Debug|Any CPU
		{0E17FE04-731A-4456-A0A1-EFE40BEC0587}.Debug|Any CPU.Build.0 = Debug|Any CPU
		{0E17FE04-731A-4456-A0A1-EFE40BEC0587}.Debug|Any CPU.Deploy.0 = Debug|Any CPU
		{0E17FE04-731A-4456-A0A1-EFE40BEC0587}.Debug|iPhone.ActiveCfg = Debug|Any CPU
		{0E17FE04-731A-4456-A0A1-EFE40BEC0587}.Debug|iPhone.Build.0 = Debug|Any CPU
		{0E17FE04-731A-4456-A0A1-EFE40BEC0587}.Debug|iPhone.Deploy.0 = Debug|Any CPU
		{0E17FE04-731A-4456-A0A1-EFE40BEC0587}.Debug|iPhoneSimulator.ActiveCfg = Debug|Any CPU
		{0E17FE04-731A-4456-A0A1-EFE40BEC0587}.Debug|iPhoneSimulator.Build.0 = Debug|Any CPU
		{0E17FE04-731A-4456-A0A1-EFE40BEC0587}.Debug|iPhoneSimulator.Deploy.0 = Debug|Any CPU
		{0E17FE04-731A-4456-A0A1-EFE40BEC0587}.Release|Any CPU.ActiveCfg = Release|Any CPU
		{0E17FE04-731A-4456-A0A1-EFE40BEC0587}.Release|Any CPU.Build.0 = Release|Any CPU
		{0E17FE04-731A-4456-A0A1-EFE40BEC0587}.Release|Any CPU.Deploy.0 = Release|Any CPU
		{0E17FE04-731A-4456-A0A1-EFE40BEC0587}.Release|iPhone.ActiveCfg = Release|Any CPU
		{0E17FE04-731A-4456-A0A1-EFE40BEC0587}.Release|iPhone.Build.0 = Release|Any CPU
		{0E17FE04-731A-4456-A0A1-EFE40BEC0587}.Release|iPhone.Deploy.0 = Release|Any CPU
		{0E17FE04-731A-4456-A0A1-EFE40BEC0587}.Release|iPhoneSimulator.ActiveCfg = Release|Any CPU
		{0E17FE04-731A-4456-A0A1-EFE40BEC0587}.Release|iPhoneSimulator.Build.0 = Release|Any CPU
		{0E17FE04-731A-4456-A0A1-EFE40BEC0587}.Release|iPhoneSimulator.Deploy.0 = Release|Any CPU
		{F9F52C91-AED8-40BE-B15D-A2052C4ABBDB}.Ad-Hoc|Any CPU.ActiveCfg = Ad-Hoc|iPhone
		{F9F52C91-AED8-40BE-B15D-A2052C4ABBDB}.Ad-Hoc|Any CPU.Build.0 = Ad-Hoc|iPhone
		{F9F52C91-AED8-40BE-B15D-A2052C4ABBDB}.Ad-Hoc|Any CPU.Deploy.0 = Ad-Hoc|iPhone
		{F9F52C91-AED8-40BE-B15D-A2052C4ABBDB}.Ad-Hoc|iPhone.ActiveCfg = Ad-Hoc|iPhone
		{F9F52C91-AED8-40BE-B15D-A2052C4ABBDB}.Ad-Hoc|iPhone.Build.0 = Ad-Hoc|iPhone
		{F9F52C91-AED8-40BE-B15D-A2052C4ABBDB}.Ad-Hoc|iPhone.Deploy.0 = Ad-Hoc|iPhone
		{F9F52C91-AED8-40BE-B15D-A2052C4ABBDB}.Ad-Hoc|iPhoneSimulator.ActiveCfg = Ad-Hoc|iPhoneSimulator
		{F9F52C91-AED8-40BE-B15D-A2052C4ABBDB}.Ad-Hoc|iPhoneSimulator.Build.0 = Ad-Hoc|iPhoneSimulator
		{F9F52C91-AED8-40BE-B15D-A2052C4ABBDB}.Ad-Hoc|iPhoneSimulator.Deploy.0 = Ad-Hoc|iPhoneSimulator
		{F9F52C91-AED8-40BE-B15D-A2052C4ABBDB}.AppStore|Any CPU.ActiveCfg = AppStore|iPhone
		{F9F52C91-AED8-40BE-B15D-A2052C4ABBDB}.AppStore|Any CPU.Build.0 = AppStore|iPhone
		{F9F52C91-AED8-40BE-B15D-A2052C4ABBDB}.AppStore|Any CPU.Deploy.0 = AppStore|iPhone
		{F9F52C91-AED8-40BE-B15D-A2052C4ABBDB}.AppStore|iPhone.ActiveCfg = AppStore|iPhone
		{F9F52C91-AED8-40BE-B15D-A2052C4ABBDB}.AppStore|iPhone.Build.0 = AppStore|iPhone
		{F9F52C91-AED8-40BE-B15D-A2052C4ABBDB}.AppStore|iPhone.Deploy.0 = AppStore|iPhone
		{F9F52C91-AED8-40BE-B15D-A2052C4ABBDB}.AppStore|iPhoneSimulator.ActiveCfg = AppStore|iPhoneSimulator
		{F9F52C91-AED8-40BE-B15D-A2052C4ABBDB}.AppStore|iPhoneSimulator.Build.0 = AppStore|iPhoneSimulator
		{F9F52C91-AED8-40BE-B15D-A2052C4ABBDB}.AppStore|iPhoneSimulator.Deploy.0 = AppStore|iPhoneSimulator
		{F9F52C91-AED8-40BE-B15D-A2052C4ABBDB}.Debug|Any CPU.ActiveCfg = Debug|iPhoneSimulator
		{F9F52C91-AED8-40BE-B15D-A2052C4ABBDB}.Debug|Any CPU.Build.0 = Debug|iPhoneSimulator
		{F9F52C91-AED8-40BE-B15D-A2052C4ABBDB}.Debug|Any CPU.Deploy.0 = Debug|iPhoneSimulator
		{F9F52C91-AED8-40BE-B15D-A2052C4ABBDB}.Debug|iPhone.ActiveCfg = Debug|iPhone
		{F9F52C91-AED8-40BE-B15D-A2052C4ABBDB}.Debug|iPhone.Build.0 = Debug|iPhone
		{F9F52C91-AED8-40BE-B15D-A2052C4ABBDB}.Debug|iPhone.Deploy.0 = Debug|iPhone
		{F9F52C91-AED8-40BE-B15D-A2052C4ABBDB}.Debug|iPhoneSimulator.ActiveCfg = Debug|iPhoneSimulator
		{F9F52C91-AED8-40BE-B15D-A2052C4ABBDB}.Debug|iPhoneSimulator.Build.0 = Debug|iPhoneSimulator
		{F9F52C91-AED8-40BE-B15D-A2052C4ABBDB}.Debug|iPhoneSimulator.Deploy.0 = Debug|iPhoneSimulator
		{F9F52C91-AED8-40BE-B15D-A2052C4ABBDB}.Release|Any CPU.ActiveCfg = Release|iPhone
		{F9F52C91-AED8-40BE-B15D-A2052C4ABBDB}.Release|Any CPU.Build.0 = Release|iPhone
		{F9F52C91-AED8-40BE-B15D-A2052C4ABBDB}.Release|Any CPU.Deploy.0 = Release|iPhone
		{F9F52C91-AED8-40BE-B15D-A2052C4ABBDB}.Release|iPhone.ActiveCfg = Release|iPhone
		{F9F52C91-AED8-40BE-B15D-A2052C4ABBDB}.Release|iPhone.Build.0 = Release|iPhone
		{F9F52C91-AED8-40BE-B15D-A2052C4ABBDB}.Release|iPhone.Deploy.0 = Release|iPhone
		{F9F52C91-AED8-40BE-B15D-A2052C4ABBDB}.Release|iPhoneSimulator.ActiveCfg = Release|iPhoneSimulator
		{F9F52C91-AED8-40BE-B15D-A2052C4ABBDB}.Release|iPhoneSimulator.Build.0 = Release|iPhoneSimulator
		{F9F52C91-AED8-40BE-B15D-A2052C4ABBDB}.Release|iPhoneSimulator.Deploy.0 = Release|iPhoneSimulator
		{B5F4F8A6-1D8B-41B2-A9B0-31623F961460}.Ad-Hoc|Any CPU.ActiveCfg = Debug|Any CPU
		{B5F4F8A6-1D8B-41B2-A9B0-31623F961460}.Ad-Hoc|Any CPU.Build.0 = Debug|Any CPU
		{B5F4F8A6-1D8B-41B2-A9B0-31623F961460}.Ad-Hoc|Any CPU.Deploy.0 = Debug|Any CPU
		{B5F4F8A6-1D8B-41B2-A9B0-31623F961460}.Ad-Hoc|iPhone.ActiveCfg = Debug|Any CPU
		{B5F4F8A6-1D8B-41B2-A9B0-31623F961460}.Ad-Hoc|iPhone.Build.0 = Debug|Any CPU
		{B5F4F8A6-1D8B-41B2-A9B0-31623F961460}.Ad-Hoc|iPhone.Deploy.0 = Debug|Any CPU
		{B5F4F8A6-1D8B-41B2-A9B0-31623F961460}.Ad-Hoc|iPhoneSimulator.ActiveCfg = Debug|Any CPU
		{B5F4F8A6-1D8B-41B2-A9B0-31623F961460}.Ad-Hoc|iPhoneSimulator.Build.0 = Debug|Any CPU
		{B5F4F8A6-1D8B-41B2-A9B0-31623F961460}.Ad-Hoc|iPhoneSimulator.Deploy.0 = Debug|Any CPU
		{B5F4F8A6-1D8B-41B2-A9B0-31623F961460}.AppStore|Any CPU.ActiveCfg = Debug|Any CPU
		{B5F4F8A6-1D8B-41B2-A9B0-31623F961460}.AppStore|Any CPU.Build.0 = Debug|Any CPU
		{B5F4F8A6-1D8B-41B2-A9B0-31623F961460}.AppStore|Any CPU.Deploy.0 = Debug|Any CPU
		{B5F4F8A6-1D8B-41B2-A9B0-31623F961460}.AppStore|iPhone.ActiveCfg = Debug|Any CPU
		{B5F4F8A6-1D8B-41B2-A9B0-31623F961460}.AppStore|iPhone.Build.0 = Debug|Any CPU
		{B5F4F8A6-1D8B-41B2-A9B0-31623F961460}.AppStore|iPhone.Deploy.0 = Debug|Any CPU
		{B5F4F8A6-1D8B-41B2-A9B0-31623F961460}.AppStore|iPhoneSimulator.ActiveCfg = Debug|Any CPU
		{B5F4F8A6-1D8B-41B2-A9B0-31623F961460}.AppStore|iPhoneSimulator.Build.0 = Debug|Any CPU
		{B5F4F8A6-1D8B-41B2-A9B0-31623F961460}.AppStore|iPhoneSimulator.Deploy.0 = Debug|Any CPU
		{B5F4F8A6-1D8B-41B2-A9B0-31623F961460}.Debug|Any CPU.ActiveCfg = Debug|Any CPU
		{B5F4F8A6-1D8B-41B2-A9B0-31623F961460}.Debug|Any CPU.Build.0 = Debug|Any CPU
		{B5F4F8A6-1D8B-41B2-A9B0-31623F961460}.Debug|Any CPU.Deploy.0 = Debug|Any CPU
		{B5F4F8A6-1D8B-41B2-A9B0-31623F961460}.Debug|iPhone.ActiveCfg = Debug|Any CPU
		{B5F4F8A6-1D8B-41B2-A9B0-31623F961460}.Debug|iPhone.Build.0 = Debug|Any CPU
		{B5F4F8A6-1D8B-41B2-A9B0-31623F961460}.Debug|iPhone.Deploy.0 = Debug|Any CPU
		{B5F4F8A6-1D8B-41B2-A9B0-31623F961460}.Debug|iPhoneSimulator.ActiveCfg = Debug|Any CPU
		{B5F4F8A6-1D8B-41B2-A9B0-31623F961460}.Debug|iPhoneSimulator.Build.0 = Debug|Any CPU
		{B5F4F8A6-1D8B-41B2-A9B0-31623F961460}.Debug|iPhoneSimulator.Deploy.0 = Debug|Any CPU
		{B5F4F8A6-1D8B-41B2-A9B0-31623F961460}.Release|Any CPU.ActiveCfg = Release|Any CPU
		{B5F4F8A6-1D8B-41B2-A9B0-31623F961460}.Release|Any CPU.Build.0 = Release|Any CPU
		{B5F4F8A6-1D8B-41B2-A9B0-31623F961460}.Release|Any CPU.Deploy.0 = Release|Any CPU
		{B5F4F8A6-1D8B-41B2-A9B0-31623F961460}.Release|iPhone.ActiveCfg = Release|Any CPU
		{B5F4F8A6-1D8B-41B2-A9B0-31623F961460}.Release|iPhone.Build.0 = Release|Any CPU
		{B5F4F8A6-1D8B-41B2-A9B0-31623F961460}.Release|iPhone.Deploy.0 = Release|Any CPU
		{B5F4F8A6-1D8B-41B2-A9B0-31623F961460}.Release|iPhoneSimulator.ActiveCfg = Release|Any CPU
		{B5F4F8A6-1D8B-41B2-A9B0-31623F961460}.Release|iPhoneSimulator.Build.0 = Release|Any CPU
		{B5F4F8A6-1D8B-41B2-A9B0-31623F961460}.Release|iPhoneSimulator.Deploy.0 = Release|Any CPU
	EndGlobalSection
	GlobalSection(SolutionProperties) = preSolution
		HideSolutionNode = FALSE
	EndGlobalSection
	GlobalSection(ExtensibilityGlobals) = postSolution
		SolutionGuid = {0AB7A5EB-9C76-4835-925E-D8AC93199251}
	EndGlobalSection
EndGlobal
